
Microsoft Visual Studio Solution File, Format Version 12.00
# Visual Studio Version 16
VisualStudioVersion = 16.0.29709.97
MinimumVisualStudioVersion = 10.0.40219.1
Project("{FAE04EC0-301F-11D3-BF4B-00C04F79EFBC}") = "SimpleDonutChart", "SimpleDonutChart\SimpleDonutChart.csproj", "{9F89DCCE-5B99-4E4F-97ED-6595C7F75919}"
EndProject
Global
	GlobalSection(SolutionConfigurationPlatforms) = preSolution
		Debug|Any CPU = Debug|Any CPU
		Release|Any CPU = Release|Any CPU
	EndGlobalSection
	GlobalSection(ProjectConfigurationPlatforms) = postSolution
		{9F89DCCE-5B99-4E4F-97ED-6595C7F75919}.Debug|Any CPU.ActiveCfg = Debug|Any CPU
		{9F89DCCE-5B99-4E4F-97ED-6595C7F75919}.Debug|Any CPU.Build.0 = Debug|Any CPU
		{9F89DCCE-5B99-4E4F-97ED-6595C7F75919}.Release|Any CPU.ActiveCfg = Release|Any CPU
		{9F89DCCE-5B99-4E4F-97ED-6595C7F75919}.Release|Any CPU.Build.0 = Release|Any CPU
	EndGlobalSection
	GlobalSection(SolutionProperties) = preSolution
		HideSolutionNode = FALSE
	EndGlobalSection
	GlobalSection(ExtensibilityGlobals) = postSolution
		SolutionGuid = {BAA0D50A-72D7-4EF3-97D9-DB35C88E019C}
	EndGlobalSection
EndGlobal
